<?xml version="1.0" encoding="utf-8"?>
<Project ToolsVersion="4.0" xmlns="http://schemas.microsoft.com/developer/msbuild/2003">
  <ItemGroup>
    <Filter Include="Source Files">
      <UniqueIdentifier>{4FC737F1-C7A5-4376-A066-2A32D752A2FF}</UniqueIdentifier>
      <Extensions>cpp;c;cc;cxx;def;odl;idl;hpj;bat;asm;asmx</Extensions>
    </Filter>
    <Filter Include="Header Files">
      <UniqueIdentifier>{93995380-89BD-4b04-88EB-625FBE52EBFB}</UniqueIdentifier>
      <Extensions>h;hpp;hxx;hm;inl;inc;xsd</Extensions>
    </Filter>
    <Filter Include="Resource Files">
      <UniqueIdentifier>{67DA6AB6-F800-4c08-8B7A-83BB121AAD01}</UniqueIdentifier>
      <Extensions>rc;ico;cur;bmp;dlg;rc2;rct;bin;rgs;gif;jpg;jpeg;jpe;resx;tiff;tif;png;wav</Extensions>
    </Filter>
    <Filter Include="Header Files\external">
      <UniqueIdentifier>{f4db7bb8-ae52-46c2-9b6b-08def05aa128}</UniqueIdentifier>
    </Filter>
    <Filter Include="Source Files\external">
      <UniqueIdentifier>{4f792322-7566-42ba-9c3f-014268f60628}</UniqueIdentifier>
    </Filter>
  </ItemGroup>
  <ItemGroup>
    <ClCompile Include="MonitorIPs.cpp">
      <Filter>Source Files</Filter>
    </ClCompile>
    <ClCompile Include="SysStatus.cpp">
      <Filter>Source Files</Filter>
    </ClCompile>
    <ClCompile Include="USB.cpp">
      <Filter>Source Files</Filter>
    </ClCompile>
    <ClCompile Include="WMI.cpp">
      <Filter>Source Files</Filter>
    </ClCompile>
    <ClCompile Include="xmlwriter.cpp">
      <Filter>Source Files</Filter>
    </ClCompile>
    <ClCompile Include="..\cpp_utils\log.cpp">
      <Filter>Source Files\external</Filter>
    </ClCompile>
  </ItemGroup>
  <ItemGroup>
    <ClInclude Include="MonitorIPs.h">
      <Filter>Header Files</Filter>
    </ClInclude>
    <ClInclude Include="SysStatus.h">
      <Filter>Header Files</Filter>
    </ClInclude>
    <ClInclude Include="SysStatusInc.h">
      <Filter>Header Files</Filter>
    </ClInclude>
    <ClInclude Include="USB.h">
      <Filter>Header Files</Filter>
    </ClInclude>
    <ClInclude Include="usbdesc.h">
      <Filter>Header Files</Filter>
    </ClInclude>
    <ClInclude Include="vndrlist.h">
      <Filter>Header Files</Filter>
    </ClInclude>
    <ClInclude Include="WMI.h">
      <Filter>Header Files</Filter>
    </ClInclude>
    <ClInclude Include="xmlwriter.h">
      <Filter>Header Files</Filter>
    </ClInclude>
    <ClInclude Include="..\cpp_utils\final_act.hpp">
      <Filter>Header Files\external</Filter>
    </ClInclude>
    <ClInclude Include="..\cpp_utils\error_codes.hpp">
      <Filter>Header Files\external</Filter>
    </ClInclude>
    <ClInclude Include="resource.h">
      <Filter>Header Files</Filter>
    </ClInclude>
    <ClInclude Include="..\cpp_utils\log.hpp">
      <Filter>Header Files\external</Filter>
    </ClInclude>
    <ClInclude Include="..\cpp_utils\chrono.hpp">
      <Filter>Header Files\external</Filter>
    </ClInclude>
    <ClInclude Include="running_status.hpp">
      <Filter>Header Files</Filter>
    </ClInclude>
  </ItemGroup>
  <ItemGroup>
    <Image Include="res\SysStatus_Computer.ico">
      <Filter>Resource Files</Filter>
    </Image>
    <Image Include="res\SysStatus_Eye.ico">
      <Filter>Resource Files</Filter>
    </Image>
    <Image Include="res\SysStatus_Info.ico">
      <Filter>Resource Files</Filter>
    </Image>
  </ItemGroup>
  <ItemGroup>
    <None Include="res\usb.if">
      <Filter>Resource Files</Filter>
    </None>
  </ItemGroup>
  <ItemGroup>
    <ResourceCompile Include="SysStatus.rc">
      <Filter>Resource Files</Filter>
    </ResourceCompile>
  </ItemGroup>
</Project>